<?xml version="1.0" encoding="UTF-8" standalone="yes" ?>
<CodeBlocks_project_file>
	<FileVersion major="1" minor="6" />
	<Project>
		<Option title="TestSnake" />
		<Option pch_mode="2" />
		<Option compiler="gcc" />
		<Build>
			<Target title="Debug">
				<Option output="bin/Debug/TestSnake" prefix_auto="1" extension_auto="1" />
				<Option object_output="obj/Debug/" />
				<Option type="1" />
				<Option compiler="gcc" />
				<Compiler>
					<Add option="-g" />
				</Compiler>
			</Target>
			<Target title="Release">
				<Option output="bin/Release/TestSnake" prefix_auto="1" extension_auto="1" />
				<Option object_output="obj/Release/" />
				<Option type="1" />
				<Option compiler="gcc" />
				<Compiler>
					<Add option="-O2" />
				</Compiler>
				<Linker>
					<Add option="-s" />
				</Linker>
			</Target>
		</Build>
		<Compiler>
			<Add option="-Wall" />
		</Compiler>
		<Unit filename="../../Users/Dell/Desktop/Snake-master/.gitignore" />
		<Unit filename="../../Users/Dell/Desktop/Snake-master/README.md" />
		<Unit filename="../../Users/Dell/Desktop/Snake-master/block.cpp" />
		<Unit filename="../../Users/Dell/Desktop/Snake-master/block.h" />
		<Unit filename="../../Users/Dell/Desktop/Snake-master/fruit.cpp" />
		<Unit filename="../../Users/Dell/Desktop/Snake-master/fruit.h" />
		<Unit filename="../../Users/Dell/Desktop/Snake-master/main.cpp" />
		<Unit filename="../../Users/Dell/Desktop/Snake-master/snake.cpp" />
		<Unit filename="../../Users/Dell/Desktop/Snake-master/snake.h" />
		<Extensions>
			<code_completion />
			<envvars />
			<debugger />
		</Extensions>
	</Project>
</CodeBlocks_project_file>
