<?xml version="1.0" encoding="UTF-8" standalone="yes" ?>
<CodeBlocks_project_file>
	<FileVersion major="1" minor="6" />
	<Project>
		<Option title="Gameenginetest" />
		<Option pch_mode="2" />
		<Option compiler="gcc" />
		<Build>
			<Target title="Debug">
				<Option output="bin/Debug/Gameenginetest" prefix_auto="1" extension_auto="1" />
				<Option object_output="obj/Debug/" />
				<Option type="1" />
				<Option compiler="gcc" />
				<Compiler>
					<Add option="-g" />
				</Compiler>
			</Target>
			<Target title="Release">
				<Option output="bin/Release/Gameenginetest" prefix_auto="1" extension_auto="1" />
				<Option object_output="obj/Release/" />
				<Option type="1" />
				<Option compiler="gcc" />
				<Compiler>
					<Add option="-O2" />
				</Compiler>
				<Linker>
					<Add option="-s" />
				</Linker>
			</Target>
		</Build>
		<Compiler>
			<Add option="-Wall" />
			<Add directory="C:/Program Files (x86)/CodeBlocks/sfml/include" />
		</Compiler>
		<Linker>
			<Add library="sfml-graphics" />
			<Add library="sfml-window" />
			<Add library="sfml-system" />
			<Add directory="C:/Program Files (x86)/CodeBlocks/sfml/lib" />
		</Linker>
		<Unit filename="../../Users/Dell/Desktop/SmallGameEngine-master/src/Application.cpp" />
		<Unit filename="../../Users/Dell/Desktop/SmallGameEngine-master/src/Application.hpp" />
		<Unit filename="../../Users/Dell/Desktop/SmallGameEngine-master/src/IntroState.cpp" />
		<Unit filename="../../Users/Dell/Desktop/SmallGameEngine-master/src/IntroState.hpp" />
		<Unit filename="../../Users/Dell/Desktop/SmallGameEngine-master/src/MenuState.cpp" />
		<Unit filename="../../Users/Dell/Desktop/SmallGameEngine-master/src/MenuState.hpp" />
		<Unit filename="../../Users/Dell/Desktop/SmallGameEngine-master/src/PlayState.cpp" />
		<Unit filename="../../Users/Dell/Desktop/SmallGameEngine-master/src/PlayState.hpp" />
		<Unit filename="../../Users/Dell/Desktop/SmallGameEngine-master/src/State.cpp" />
		<Unit filename="../../Users/Dell/Desktop/SmallGameEngine-master/src/State.hpp" />
		<Unit filename="../../Users/Dell/Desktop/SmallGameEngine-master/src/StateMachine.cpp" />
		<Unit filename="../../Users/Dell/Desktop/SmallGameEngine-master/src/StateMachine.hpp" />
		<Unit filename="../../Users/Dell/Desktop/SmallGameEngine-master/src/main.cpp" />
		<Extensions>
			<code_completion />
			<envvars />
			<debugger />
			<lib_finder disable_auto="1" />
		</Extensions>
	</Project>
</CodeBlocks_project_file>
